
Microsoft Visual Studio Solution File, Format Version 12.00
# Visual Studio Version 16
VisualStudioVersion = 16.0.30621.155
MinimumVisualStudioVersion = 10.0.40219.1
Project("{FAE04EC0-301F-11D3-BF4B-00C04F79EFBC}") = "Academy.10-11", "Academy.10-11\Academy.10-11.csproj", "{23B35FDB-61ED-43D1-9524-2A2C68176EB0}"
EndProject
Global
	GlobalSection(SolutionConfigurationPlatforms) = preSolution
		Debug|Any CPU = Debug|Any CPU
		Release|Any CPU = Release|Any CPU
	EndGlobalSection
	GlobalSection(ProjectConfigurationPlatforms) = postSolution
		{23B35FDB-61ED-43D1-9524-2A2C68176EB0}.Debug|Any CPU.ActiveCfg = Debug|Any CPU
		{23B35FDB-61ED-43D1-9524-2A2C68176EB0}.Debug|Any CPU.Build.0 = Debug|Any CPU
		{23B35FDB-61ED-43D1-9524-2A2C68176EB0}.Release|Any CPU.ActiveCfg = Release|Any CPU
		{23B35FDB-61ED-43D1-9524-2A2C68176EB0}.Release|Any CPU.Build.0 = Release|Any CPU
	EndGlobalSection
	GlobalSection(SolutionProperties) = preSolution
		HideSolutionNode = FALSE
	EndGlobalSection
	GlobalSection(ExtensibilityGlobals) = postSolution
		SolutionGuid = {5C41B8E4-A512-4381-9AA2-6A9AF41897F2}
	EndGlobalSection
EndGlobal
